# This file is automatically @generated by Poetry 1.7.1 and should not be changed by hand.

[[package]]
name = "mymodule"
version = "1.0.0"
description = "UNKNOWN"
optional = false
python-versions = "*"
files = [
    {file = "myModule-1.0.0.tar.gz", hash = "sha256:ad37b68f4b8d29f24ba9142c7f6ac715853686060b44d6ceec97f1dd1d637b6a"},
]

[metadata]
lock-version = "2.0"
python-versions = "^3.11"
content-hash = "fe9d6e7cb050ed1cd5dc8408fe1f9886cce78dd309b1ff1cf8267cf372722e83"
